
Microsoft Visual Studio Solution File, Format Version 12.00
# Visual Studio 15
VisualStudioVersion = 15.0.27428.2015
MinimumVisualStudioVersion = 10.0.40219.1
Project("{8BC9CEB8-8B4A-11D0-8D11-00A0C91BC942}") = "01第一个项目", "01第一个项目\01第一个项目.vcxproj", "{2C735DF7-B791-4730-84DE-8E6582132F83}"
EndProject
Project("{8BC9CEB8-8B4A-11D0-8D11-00A0C91BC942}") = "变量", "变量\变量.vcxproj", "{9E184931-724B-48D3-BD24-BF7C986364E0}"
EndProject
Project("{8BC9CEB8-8B4A-11D0-8D11-00A0C91BC942}") = "整型", "整型\整型.vcxproj", "{32AC8EEF-D7A1-4C25-B2C5-1DA3042EFC52}"
EndProject
Project("{8BC9CEB8-8B4A-11D0-8D11-00A0C91BC942}") = "字符类型", "字符类型\字符类型.vcxproj", "{D3E8F805-403F-4150-8F02-3DC14E1D5CE6}"
EndProject
Project("{8BC9CEB8-8B4A-11D0-8D11-00A0C91BC942}") = "布尔类型", "布尔类型\布尔类型.vcxproj", "{891510E7-D102-4AA0-95AF-95C909CA00CA}"
EndProject
Project("{8BC9CEB8-8B4A-11D0-8D11-00A0C91BC942}") = "常量", "常量\常量.vcxproj", "{5967E12D-7C2F-4C71-A58A-C930D2EDE1EA}"
EndProject
Project("{8BC9CEB8-8B4A-11D0-8D11-00A0C91BC942}") = "浮点", "浮点\浮点.vcxproj", "{FCC01DB8-4172-43A2-A4AF-ED07FF00101B}"
EndProject
Project("{8BC9CEB8-8B4A-11D0-8D11-00A0C91BC942}") = "算术运算符", "算术运算符\算术运算符.vcxproj", "{F9175F18-49D1-4BB4-89D3-9C3DDE364532}"
EndProject
Project("{8BC9CEB8-8B4A-11D0-8D11-00A0C91BC942}") = "类型转换", "类型转换\类型转换.vcxproj", "{CEBDC9E3-5401-42BF-A614-AAD7A8E91058}"
EndProject
Project("{8BC9CEB8-8B4A-11D0-8D11-00A0C91BC942}") = "编程练习", "编程练习\编程练习.vcxproj", "{D849AB4E-F5BE-4394-A1C7-9C44CDB4CC8D}"
EndProject
Project("{8BC9CEB8-8B4A-11D0-8D11-00A0C91BC942}") = "数组", "数组\数组.vcxproj", "{4D2D802D-7A66-4E08-9FD2-E77C61A8DE9F}"
EndProject
Project("{8BC9CEB8-8B4A-11D0-8D11-00A0C91BC942}") = "字符串", "字符串\字符串.vcxproj", "{46839E71-95C1-4F6C-BE69-41BF868254F1}"
EndProject
Project("{8BC9CEB8-8B4A-11D0-8D11-00A0C91BC942}") = "字符串基于String类", "字符串基于String类\字符串基于String类.vcxproj", "{7874F535-2315-455A-9F16-6BBF142F31BA}"
EndProject
Project("{8BC9CEB8-8B4A-11D0-8D11-00A0C91BC942}") = "结构体", "结构体\结构体.vcxproj", "{167B3D87-06C4-4E2D-A063-17550F78FA77}"
EndProject
Global
	GlobalSection(SolutionConfigurationPlatforms) = preSolution
		Debug|Any CPU = Debug|Any CPU
		Debug|x64 = Debug|x64
		Debug|x86 = Debug|x86
		Release|Any CPU = Release|Any CPU
		Release|x64 = Release|x64
		Release|x86 = Release|x86
	EndGlobalSection
	GlobalSection(ProjectConfigurationPlatforms) = postSolution
		{2C735DF7-B791-4730-84DE-8E6582132F83}.Debug|Any CPU.ActiveCfg = Debug|Win32
		{2C735DF7-B791-4730-84DE-8E6582132F83}.Debug|x64.ActiveCfg = Debug|x64
		{2C735DF7-B791-4730-84DE-8E6582132F83}.Debug|x64.Build.0 = Debug|x64
		{2C735DF7-B791-4730-84DE-8E6582132F83}.Debug|x86.ActiveCfg = Debug|Win32
		{2C735DF7-B791-4730-84DE-8E6582132F83}.Debug|x86.Build.0 = Debug|Win32
		{2C735DF7-B791-4730-84DE-8E6582132F83}.Release|Any CPU.ActiveCfg = Release|Win32
		{2C735DF7-B791-4730-84DE-8E6582132F83}.Release|x64.ActiveCfg = Release|x64
		{2C735DF7-B791-4730-84DE-8E6582132F83}.Release|x64.Build.0 = Release|x64
		{2C735DF7-B791-4730-84DE-8E6582132F83}.Release|x86.ActiveCfg = Release|Win32
		{2C735DF7-B791-4730-84DE-8E6582132F83}.Release|x86.Build.0 = Release|Win32
		{9E184931-724B-48D3-BD24-BF7C986364E0}.Debug|Any CPU.ActiveCfg = Debug|Win32
		{9E184931-724B-48D3-BD24-BF7C986364E0}.Debug|x64.ActiveCfg = Debug|x64
		{9E184931-724B-48D3-BD24-BF7C986364E0}.Debug|x64.Build.0 = Debug|x64
		{9E184931-724B-48D3-BD24-BF7C986364E0}.Debug|x86.ActiveCfg = Debug|Win32
		{9E184931-724B-48D3-BD24-BF7C986364E0}.Debug|x86.Build.0 = Debug|Win32
		{9E184931-724B-48D3-BD24-BF7C986364E0}.Release|Any CPU.ActiveCfg = Release|Win32
		{9E184931-724B-48D3-BD24-BF7C986364E0}.Release|x64.ActiveCfg = Release|x64
		{9E184931-724B-48D3-BD24-BF7C986364E0}.Release|x64.Build.0 = Release|x64
		{9E184931-724B-48D3-BD24-BF7C986364E0}.Release|x86.ActiveCfg = Release|Win32
		{9E184931-724B-48D3-BD24-BF7C986364E0}.Release|x86.Build.0 = Release|Win32
		{32AC8EEF-D7A1-4C25-B2C5-1DA3042EFC52}.Debug|Any CPU.ActiveCfg = Debug|Win32
		{32AC8EEF-D7A1-4C25-B2C5-1DA3042EFC52}.Debug|x64.ActiveCfg = Debug|x64
		{32AC8EEF-D7A1-4C25-B2C5-1DA3042EFC52}.Debug|x64.Build.0 = Debug|x64
		{32AC8EEF-D7A1-4C25-B2C5-1DA3042EFC52}.Debug|x86.ActiveCfg = Debug|Win32
		{32AC8EEF-D7A1-4C25-B2C5-1DA3042EFC52}.Debug|x86.Build.0 = Debug|Win32
		{32AC8EEF-D7A1-4C25-B2C5-1DA3042EFC52}.Release|Any CPU.ActiveCfg = Release|Win32
		{32AC8EEF-D7A1-4C25-B2C5-1DA3042EFC52}.Release|x64.ActiveCfg = Release|x64
		{32AC8EEF-D7A1-4C25-B2C5-1DA3042EFC52}.Release|x64.Build.0 = Release|x64
		{32AC8EEF-D7A1-4C25-B2C5-1DA3042EFC52}.Release|x86.ActiveCfg = Release|Win32
		{32AC8EEF-D7A1-4C25-B2C5-1DA3042EFC52}.Release|x86.Build.0 = Release|Win32
		{D3E8F805-403F-4150-8F02-3DC14E1D5CE6}.Debug|Any CPU.ActiveCfg = Debug|Win32
		{D3E8F805-403F-4150-8F02-3DC14E1D5CE6}.Debug|x64.ActiveCfg = Debug|x64
		{D3E8F805-403F-4150-8F02-3DC14E1D5CE6}.Debug|x64.Build.0 = Debug|x64
		{D3E8F805-403F-4150-8F02-3DC14E1D5CE6}.Debug|x86.ActiveCfg = Debug|Win32
		{D3E8F805-403F-4150-8F02-3DC14E1D5CE6}.Debug|x86.Build.0 = Debug|Win32
		{D3E8F805-403F-4150-8F02-3DC14E1D5CE6}.Release|Any CPU.ActiveCfg = Release|Win32
		{D3E8F805-403F-4150-8F02-3DC14E1D5CE6}.Release|x64.ActiveCfg = Release|x64
		{D3E8F805-403F-4150-8F02-3DC14E1D5CE6}.Release|x64.Build.0 = Release|x64
		{D3E8F805-403F-4150-8F02-3DC14E1D5CE6}.Release|x86.ActiveCfg = Release|Win32
		{D3E8F805-403F-4150-8F02-3DC14E1D5CE6}.Release|x86.Build.0 = Release|Win32
		{891510E7-D102-4AA0-95AF-95C909CA00CA}.Debug|Any CPU.ActiveCfg = Debug|Win32
		{891510E7-D102-4AA0-95AF-95C909CA00CA}.Debug|x64.ActiveCfg = Debug|x64
		{891510E7-D102-4AA0-95AF-95C909CA00CA}.Debug|x64.Build.0 = Debug|x64
		{891510E7-D102-4AA0-95AF-95C909CA00CA}.Debug|x86.ActiveCfg = Debug|Win32
		{891510E7-D102-4AA0-95AF-95C909CA00CA}.Debug|x86.Build.0 = Debug|Win32
		{891510E7-D102-4AA0-95AF-95C909CA00CA}.Release|Any CPU.ActiveCfg = Release|Win32
		{891510E7-D102-4AA0-95AF-95C909CA00CA}.Release|x64.ActiveCfg = Release|x64
		{891510E7-D102-4AA0-95AF-95C909CA00CA}.Release|x64.Build.0 = Release|x64
		{891510E7-D102-4AA0-95AF-95C909CA00CA}.Release|x86.ActiveCfg = Release|Win32
		{891510E7-D102-4AA0-95AF-95C909CA00CA}.Release|x86.Build.0 = Release|Win32
		{5967E12D-7C2F-4C71-A58A-C930D2EDE1EA}.Debug|Any CPU.ActiveCfg = Debug|Win32
		{5967E12D-7C2F-4C71-A58A-C930D2EDE1EA}.Debug|x64.ActiveCfg = Debug|x64
		{5967E12D-7C2F-4C71-A58A-C930D2EDE1EA}.Debug|x64.Build.0 = Debug|x64
		{5967E12D-7C2F-4C71-A58A-C930D2EDE1EA}.Debug|x86.ActiveCfg = Debug|Win32
		{5967E12D-7C2F-4C71-A58A-C930D2EDE1EA}.Debug|x86.Build.0 = Debug|Win32
		{5967E12D-7C2F-4C71-A58A-C930D2EDE1EA}.Release|Any CPU.ActiveCfg = Release|Win32
		{5967E12D-7C2F-4C71-A58A-C930D2EDE1EA}.Release|x64.ActiveCfg = Release|x64
		{5967E12D-7C2F-4C71-A58A-C930D2EDE1EA}.Release|x64.Build.0 = Release|x64
		{5967E12D-7C2F-4C71-A58A-C930D2EDE1EA}.Release|x86.ActiveCfg = Release|Win32
		{5967E12D-7C2F-4C71-A58A-C930D2EDE1EA}.Release|x86.Build.0 = Release|Win32
		{FCC01DB8-4172-43A2-A4AF-ED07FF00101B}.Debug|Any CPU.ActiveCfg = Debug|Win32
		{FCC01DB8-4172-43A2-A4AF-ED07FF00101B}.Debug|x64.ActiveCfg = Debug|x64
		{FCC01DB8-4172-43A2-A4AF-ED07FF00101B}.Debug|x64.Build.0 = Debug|x64
		{FCC01DB8-4172-43A2-A4AF-ED07FF00101B}.Debug|x86.ActiveCfg = Debug|Win32
		{FCC01DB8-4172-43A2-A4AF-ED07FF00101B}.Debug|x86.Build.0 = Debug|Win32
		{FCC01DB8-4172-43A2-A4AF-ED07FF00101B}.Release|Any CPU.ActiveCfg = Release|Win32
		{FCC01DB8-4172-43A2-A4AF-ED07FF00101B}.Release|x64.ActiveCfg = Release|x64
		{FCC01DB8-4172-43A2-A4AF-ED07FF00101B}.Release|x64.Build.0 = Release|x64
		{FCC01DB8-4172-43A2-A4AF-ED07FF00101B}.Release|x86.ActiveCfg = Release|Win32
		{FCC01DB8-4172-43A2-A4AF-ED07FF00101B}.Release|x86.Build.0 = Release|Win32
		{F9175F18-49D1-4BB4-89D3-9C3DDE364532}.Debug|Any CPU.ActiveCfg = Debug|Win32
		{F9175F18-49D1-4BB4-89D3-9C3DDE364532}.Debug|x64.ActiveCfg = Debug|x64
		{F9175F18-49D1-4BB4-89D3-9C3DDE364532}.Debug|x64.Build.0 = Debug|x64
		{F9175F18-49D1-4BB4-89D3-9C3DDE364532}.Debug|x86.ActiveCfg = Debug|Win32
		{F9175F18-49D1-4BB4-89D3-9C3DDE364532}.Debug|x86.Build.0 = Debug|Win32
		{F9175F18-49D1-4BB4-89D3-9C3DDE364532}.Release|Any CPU.ActiveCfg = Release|Win32
		{F9175F18-49D1-4BB4-89D3-9C3DDE364532}.Release|x64.ActiveCfg = Release|x64
		{F9175F18-49D1-4BB4-89D3-9C3DDE364532}.Release|x64.Build.0 = Release|x64
		{F9175F18-49D1-4BB4-89D3-9C3DDE364532}.Release|x86.ActiveCfg = Release|Win32
		{F9175F18-49D1-4BB4-89D3-9C3DDE364532}.Release|x86.Build.0 = Release|Win32
		{CEBDC9E3-5401-42BF-A614-AAD7A8E91058}.Debug|Any CPU.ActiveCfg = Debug|Win32
		{CEBDC9E3-5401-42BF-A614-AAD7A8E91058}.Debug|x64.ActiveCfg = Debug|x64
		{CEBDC9E3-5401-42BF-A614-AAD7A8E91058}.Debug|x64.Build.0 = Debug|x64
		{CEBDC9E3-5401-42BF-A614-AAD7A8E91058}.Debug|x86.ActiveCfg = Debug|Win32
		{CEBDC9E3-5401-42BF-A614-AAD7A8E91058}.Debug|x86.Build.0 = Debug|Win32
		{CEBDC9E3-5401-42BF-A614-AAD7A8E91058}.Release|Any CPU.ActiveCfg = Release|Win32
		{CEBDC9E3-5401-42BF-A614-AAD7A8E91058}.Release|x64.ActiveCfg = Release|x64
		{CEBDC9E3-5401-42BF-A614-AAD7A8E91058}.Release|x64.Build.0 = Release|x64
		{CEBDC9E3-5401-42BF-A614-AAD7A8E91058}.Release|x86.ActiveCfg = Release|Win32
		{CEBDC9E3-5401-42BF-A614-AAD7A8E91058}.Release|x86.Build.0 = Release|Win32
		{D849AB4E-F5BE-4394-A1C7-9C44CDB4CC8D}.Debug|Any CPU.ActiveCfg = Debug|Win32
		{D849AB4E-F5BE-4394-A1C7-9C44CDB4CC8D}.Debug|x64.ActiveCfg = Debug|x64
		{D849AB4E-F5BE-4394-A1C7-9C44CDB4CC8D}.Debug|x64.Build.0 = Debug|x64
		{D849AB4E-F5BE-4394-A1C7-9C44CDB4CC8D}.Debug|x86.ActiveCfg = Debug|Win32
		{D849AB4E-F5BE-4394-A1C7-9C44CDB4CC8D}.Debug|x86.Build.0 = Debug|Win32
		{D849AB4E-F5BE-4394-A1C7-9C44CDB4CC8D}.Release|Any CPU.ActiveCfg = Release|Win32
		{D849AB4E-F5BE-4394-A1C7-9C44CDB4CC8D}.Release|x64.ActiveCfg = Release|x64
		{D849AB4E-F5BE-4394-A1C7-9C44CDB4CC8D}.Release|x64.Build.0 = Release|x64
		{D849AB4E-F5BE-4394-A1C7-9C44CDB4CC8D}.Release|x86.ActiveCfg = Release|Win32
		{D849AB4E-F5BE-4394-A1C7-9C44CDB4CC8D}.Release|x86.Build.0 = Release|Win32
		{4D2D802D-7A66-4E08-9FD2-E77C61A8DE9F}.Debug|Any CPU.ActiveCfg = Debug|Win32
		{4D2D802D-7A66-4E08-9FD2-E77C61A8DE9F}.Debug|x64.ActiveCfg = Debug|x64
		{4D2D802D-7A66-4E08-9FD2-E77C61A8DE9F}.Debug|x64.Build.0 = Debug|x64
		{4D2D802D-7A66-4E08-9FD2-E77C61A8DE9F}.Debug|x86.ActiveCfg = Debug|Win32
		{4D2D802D-7A66-4E08-9FD2-E77C61A8DE9F}.Debug|x86.Build.0 = Debug|Win32
		{4D2D802D-7A66-4E08-9FD2-E77C61A8DE9F}.Release|Any CPU.ActiveCfg = Release|Win32
		{4D2D802D-7A66-4E08-9FD2-E77C61A8DE9F}.Release|x64.ActiveCfg = Release|x64
		{4D2D802D-7A66-4E08-9FD2-E77C61A8DE9F}.Release|x64.Build.0 = Release|x64
		{4D2D802D-7A66-4E08-9FD2-E77C61A8DE9F}.Release|x86.ActiveCfg = Release|Win32
		{4D2D802D-7A66-4E08-9FD2-E77C61A8DE9F}.Release|x86.Build.0 = Release|Win32
		{46839E71-95C1-4F6C-BE69-41BF868254F1}.Debug|Any CPU.ActiveCfg = Debug|Win32
		{46839E71-95C1-4F6C-BE69-41BF868254F1}.Debug|x64.ActiveCfg = Debug|x64
		{46839E71-95C1-4F6C-BE69-41BF868254F1}.Debug|x64.Build.0 = Debug|x64
		{46839E71-95C1-4F6C-BE69-41BF868254F1}.Debug|x86.ActiveCfg = Debug|Win32
		{46839E71-95C1-4F6C-BE69-41BF868254F1}.Debug|x86.Build.0 = Debug|Win32
		{46839E71-95C1-4F6C-BE69-41BF868254F1}.Release|Any CPU.ActiveCfg = Release|Win32
		{46839E71-95C1-4F6C-BE69-41BF868254F1}.Release|x64.ActiveCfg = Release|x64
		{46839E71-95C1-4F6C-BE69-41BF868254F1}.Release|x64.Build.0 = Release|x64
		{46839E71-95C1-4F6C-BE69-41BF868254F1}.Release|x86.ActiveCfg = Release|Win32
		{46839E71-95C1-4F6C-BE69-41BF868254F1}.Release|x86.Build.0 = Release|Win32
		{7874F535-2315-455A-9F16-6BBF142F31BA}.Debug|Any CPU.ActiveCfg = Debug|Win32
		{7874F535-2315-455A-9F16-6BBF142F31BA}.Debug|x64.ActiveCfg = Debug|x64
		{7874F535-2315-455A-9F16-6BBF142F31BA}.Debug|x64.Build.0 = Debug|x64
		{7874F535-2315-455A-9F16-6BBF142F31BA}.Debug|x86.ActiveCfg = Debug|Win32
		{7874F535-2315-455A-9F16-6BBF142F31BA}.Debug|x86.Build.0 = Debug|Win32
		{7874F535-2315-455A-9F16-6BBF142F31BA}.Release|Any CPU.ActiveCfg = Release|Win32
		{7874F535-2315-455A-9F16-6BBF142F31BA}.Release|x64.ActiveCfg = Release|x64
		{7874F535-2315-455A-9F16-6BBF142F31BA}.Release|x64.Build.0 = Release|x64
		{7874F535-2315-455A-9F16-6BBF142F31BA}.Release|x86.ActiveCfg = Release|Win32
		{7874F535-2315-455A-9F16-6BBF142F31BA}.Release|x86.Build.0 = Release|Win32
		{167B3D87-06C4-4E2D-A063-17550F78FA77}.Debug|Any CPU.ActiveCfg = Debug|Win32
		{167B3D87-06C4-4E2D-A063-17550F78FA77}.Debug|x64.ActiveCfg = Debug|x64
		{167B3D87-06C4-4E2D-A063-17550F78FA77}.Debug|x64.Build.0 = Debug|x64
		{167B3D87-06C4-4E2D-A063-17550F78FA77}.Debug|x86.ActiveCfg = Debug|Win32
		{167B3D87-06C4-4E2D-A063-17550F78FA77}.Debug|x86.Build.0 = Debug|Win32
		{167B3D87-06C4-4E2D-A063-17550F78FA77}.Release|Any CPU.ActiveCfg = Release|Win32
		{167B3D87-06C4-4E2D-A063-17550F78FA77}.Release|x64.ActiveCfg = Release|x64
		{167B3D87-06C4-4E2D-A063-17550F78FA77}.Release|x64.Build.0 = Release|x64
		{167B3D87-06C4-4E2D-A063-17550F78FA77}.Release|x86.ActiveCfg = Release|Win32
		{167B3D87-06C4-4E2D-A063-17550F78FA77}.Release|x86.Build.0 = Release|Win32
	EndGlobalSection
	GlobalSection(SolutionProperties) = preSolution
		HideSolutionNode = FALSE
	EndGlobalSection
	GlobalSection(ExtensibilityGlobals) = postSolution
		SolutionGuid = {9495137D-4A36-4ECF-8132-FD312EAF6215}
	EndGlobalSection
EndGlobal
